// !$*UTF8*$!
{
	archiveVersion = 1;
	classes = {
	};
	objectVersion = 48;
	objects = {

/* Begin PBXBuildFile section */
		0608885120C587A600860DBC /* PlaylistsTableViewController.m in Sources */ = {isa = PBXBuildFile; fileRef = 0608885020C587A600860DBC /* PlaylistsTableViewController.m */; };
		0608885420C5883E00860DBC /* PlaylistModel.m in Sources */ = {isa = PBXBuildFile; fileRef = 0608885320C5883E00860DBC /* PlaylistModel.m */; };
		06265A3D20EE4EBD00D64B77 /* FavouriteVideosTableViewController.m in Sources */ = {isa = PBXBuildFile; fileRef = 06265A3C20EE4EBD00D64B77 /* FavouriteVideosTableViewController.m */; };
		06265A4620EF705700D64B77 /* Reachability.m in Sources */ = {isa = PBXBuildFile; fileRef = 06265A4520EF705700D64B77 /* Reachability.m */; };
		06265A4820EF708700D64B77 /* SystemConfiguration.framework in Frameworks */ = {isa = PBXBuildFile; fileRef = 06265A4720EF708700D64B77 /* SystemConfiguration.framework */; };
		06265A4B20EF7A3300D64B77 /* UserPreferencesTableViewCell.m in Sources */ = {isa = PBXBuildFile; fileRef = 06265A4A20EF7A3300D64B77 /* UserPreferencesTableViewCell.m */; };
		06265A4E20EF7ADC00D64B77 /* UserPreferencesTableViewDelegate.m in Sources */ = {isa = PBXBuildFile; fileRef = 06265A4D20EF7ADC00D64B77 /* UserPreferencesTableViewDelegate.m */; };
		06265A5120F3460B00D64B77 /* AudioStreamNotificationCenter.m in Sources */ = {isa = PBXBuildFile; fileRef = 06265A5020F3460B00D64B77 /* AudioStreamNotificationCenter.m */; };
		062E7EA720A5C16B006F1221 /* YoutubeDownloadManager.m in Sources */ = {isa = PBXBuildFile; fileRef = 062E7EA620A5C16B006F1221 /* YoutubeDownloadManager.m */; };
		062E7EAA20A5E911006F1221 /* DownloadModel.m in Sources */ = {isa = PBXBuildFile; fileRef = 062E7EA920A5E911006F1221 /* DownloadModel.m */; };
		062E7EB120A5F4B1006F1221 /* DownloadButtonWebView.m in Sources */ = {isa = PBXBuildFile; fileRef = 062E7EB020A5F4B1006F1221 /* DownloadButtonWebView.m */; };
		0634628520D7A1040044EF85 /* YoutubePlaylistModel.m in Sources */ = {isa = PBXBuildFile; fileRef = 0634628420D7A1040044EF85 /* YoutubePlaylistModel.m */; };
		0634628820D7F3070044EF85 /* YoutubeEntityModel.m in Sources */ = {isa = PBXBuildFile; fileRef = 0634628720D7F3070044EF85 /* YoutubeEntityModel.m */; };
		063EDF3920B43DFD00630747 /* SearchSuggestionsTableViewController.m in Sources */ = {isa = PBXBuildFile; fileRef = 063EDF3820B43DFD00630747 /* SearchSuggestionsTableViewController.m */; };
		063EDF3C20B43E3200630747 /* ImageCacher.m in Sources */ = {isa = PBXBuildFile; fileRef = 063EDF3A20B43E3100630747 /* ImageCacher.m */; };
		0656EFCE20C68ED800ECB25F /* AllSongsTableViewController.m in Sources */ = {isa = PBXBuildFile; fileRef = 0656EFCD20C68ED800ECB25F /* AllSongsTableViewController.m */; };
		0660029220E4C7040000884E /* ProfileViewController.m in Sources */ = {isa = PBXBuildFile; fileRef = 0660029120E4C7040000884E /* ProfileViewController.m */; };
		0660029820E4CF6E0000884E /* FavouriteVideoTableViewCell.m in Sources */ = {isa = PBXBuildFile; fileRef = 0660029720E4CF6E0000884E /* FavouriteVideoTableViewCell.m */; };
		0660029B20E4F8100000884E /* LoginViewController.m in Sources */ = {isa = PBXBuildFile; fileRef = 0660029A20E4F8100000884E /* LoginViewController.m */; };
		0660029E20E500260000884E /* DataBase.m in Sources */ = {isa = PBXBuildFile; fileRef = 0660029D20E500260000884E /* DataBase.m */; };
		066463D120D1260F00E5551D /* MainTabBarController.m in Sources */ = {isa = PBXBuildFile; fileRef = 066463D020D1260F00E5551D /* MainTabBarController.m */; };
		067792F720ECC8BA00E0032E /* DropBox.m in Sources */ = {isa = PBXBuildFile; fileRef = 067792F620ECC8BA00E0032E /* DropBox.m */; };
		067792FA20ECE93B00E0032E /* SelectedSongOptionsPopoverViewController.m in Sources */ = {isa = PBXBuildFile; fileRef = 067792F920ECE93B00E0032E /* SelectedSongOptionsPopoverViewController.m */; };
		067792FD20ED018200E0032E /* DropboxSongListTableViewController.m in Sources */ = {isa = PBXBuildFile; fileRef = 067792FC20ED018200E0032E /* DropboxSongListTableViewController.m */; };
		0677930020ED11F400E0032E /* SelectedDropboxCellPopoverViewController.m in Sources */ = {isa = PBXBuildFile; fileRef = 067792FF20ED11F400E0032E /* SelectedDropboxCellPopoverViewController.m */; };
		067A6A7D20E27BFF00F861C0 /* ArtworkRequest.m in Sources */ = {isa = PBXBuildFile; fileRef = 067A6A7C20E27BFF00F861C0 /* ArtworkRequest.m */; };
		067A6A8020E27C7900F861C0 /* ArtworkDownload.m in Sources */ = {isa = PBXBuildFile; fileRef = 067A6A7F20E27C7900F861C0 /* ArtworkDownload.m */; };
		069C32CD20BC071C0079C5C5 /* SongListPlusPlayerViewController.m in Sources */ = {isa = PBXBuildFile; fileRef = 069C32CC20BC071C0079C5C5 /* SongListPlusPlayerViewController.m */; };
		069C32D420BD7A440079C5C5 /* MusicPlayerViewController.m in Sources */ = {isa = PBXBuildFile; fileRef = 069C32D320BD7A440079C5C5 /* MusicPlayerViewController.m */; };
		06A5697320E6742700260A25 /* Model.xcdatamodeld in Sources */ = {isa = PBXBuildFile; fileRef = 06A5697120E6742700260A25 /* Model.xcdatamodeld */; };
		06B1B9CA20A974500019B0CC /* SavedMusicTableViewController.m in Sources */ = {isa = PBXBuildFile; fileRef = 06B1B9C920A974500019B0CC /* SavedMusicTableViewController.m */; };
		06B1B9D020A9E6E40019B0CC /* SavedMusicTableViewCell.m in Sources */ = {isa = PBXBuildFile; fileRef = 06B1B9CF20A9E6E40019B0CC /* SavedMusicTableViewCell.m */; };
		06B53DFB20C98A3900D3AD79 /* PirateAVPlayer.m in Sources */ = {isa = PBXBuildFile; fileRef = 06B53DF920C98A3800D3AD79 /* PirateAVPlayer.m */; };
		06B998ED20C7EBC9007D01AD /* SongListFromPlaylistTableViewController.m in Sources */ = {isa = PBXBuildFile; fileRef = 06B998EC20C7EBC9007D01AD /* SongListFromPlaylistTableViewController.m */; };
		06BE0CB220A44F9D007D9319 /* SearchTableViewController.m in Sources */ = {isa = PBXBuildFile; fileRef = 06BE0CB120A44F9D007D9319 /* SearchTableViewController.m */; };
		06BE0CB520A44FDA007D9319 /* YoutubePlayerViewController.m in Sources */ = {isa = PBXBuildFile; fileRef = 06BE0CB420A44FDA007D9319 /* YoutubePlayerViewController.m */; };
		06BE0CB820A46019007D9319 /* SearchResultTableViewCell.m in Sources */ = {isa = PBXBuildFile; fileRef = 06BE0CB720A46019007D9319 /* SearchResultTableViewCell.m */; };
		06BE0CC720A4981C007D9319 /* YoutubeConnectionManager.m in Sources */ = {isa = PBXBuildFile; fileRef = 06BE0CC620A4981C007D9319 /* YoutubeConnectionManager.m */; };
		06BE0CCA20A4A106007D9319 /* NSURL+URLWithQueryItems.m in Sources */ = {isa = PBXBuildFile; fileRef = 06BE0CC920A4A106007D9319 /* NSURL+URLWithQueryItems.m */; };
		06BE0CD320A4A6B4007D9319 /* ThumbnailModel.m in Sources */ = {isa = PBXBuildFile; fileRef = 06BE0CD020A4A6B4007D9319 /* ThumbnailModel.m */; };
		06BE0CD420A4A6B4007D9319 /* VideoModel.m in Sources */ = {isa = PBXBuildFile; fileRef = 06BE0CD220A4A6B4007D9319 /* VideoModel.m */; };
		06D65A3A20AEE9FB000AC0FC /* LocalSongModel.m in Sources */ = {isa = PBXBuildFile; fileRef = 06D65A3920AEE9FB000AC0FC /* LocalSongModel.m */; };
		06D65A3E20B31318000AC0FC /* Icons South St.ttf in Resources */ = {isa = PBXBuildFile; fileRef = 06D65A3D20B31317000AC0FC /* Icons South St.ttf */; };
		06FC536920A335CF003238BF /* AppDelegate.m in Sources */ = {isa = PBXBuildFile; fileRef = 06FC536820A335CF003238BF /* AppDelegate.m */; };
		06FC536F20A335CF003238BF /* Main.storyboard in Resources */ = {isa = PBXBuildFile; fileRef = 06FC536D20A335CF003238BF /* Main.storyboard */; };
		06FC537120A335D4003238BF /* Assets.xcassets in Resources */ = {isa = PBXBuildFile; fileRef = 06FC537020A335D4003238BF /* Assets.xcassets */; };
		06FC537420A335D4003238BF /* LaunchScreen.storyboard in Resources */ = {isa = PBXBuildFile; fileRef = 06FC537220A335D4003238BF /* LaunchScreen.storyboard */; };
		06FC537720A335D4003238BF /* main.m in Sources */ = {isa = PBXBuildFile; fileRef = 06FC537620A335D4003238BF /* main.m */; };
		5A14E8C8719E3454E5B8D4CA /* libPods-PirateRadio.a in Frameworks */ = {isa = PBXBuildFile; fileRef = DBDE799839541C9F2DE21F7E /* libPods-PirateRadio.a */; };
/* End PBXBuildFile section */

/* Begin PBXFileReference section */
		0608884F20C587A600860DBC /* PlaylistsTableViewController.h */ = {isa = PBXFileReference; lastKnownFileType = sourcecode.c.h; path = PlaylistsTableViewController.h; sourceTree = "<group>"; };
		0608885020C587A600860DBC /* PlaylistsTableViewController.m */ = {isa = PBXFileReference; lastKnownFileType = sourcecode.c.objc; path = PlaylistsTableViewController.m; sourceTree = "<group>"; };
		0608885220C5883E00860DBC /* PlaylistModel.h */ = {isa = PBXFileReference; lastKnownFileType = sourcecode.c.h; path = PlaylistModel.h; sourceTree = "<group>"; };
		0608885320C5883E00860DBC /* PlaylistModel.m */ = {isa = PBXFileReference; lastKnownFileType = sourcecode.c.objc; path = PlaylistModel.m; sourceTree = "<group>"; };
		06265A3B20EE4EBD00D64B77 /* FavouriteVideosTableViewController.h */ = {isa = PBXFileReference; lastKnownFileType = sourcecode.c.h; path = FavouriteVideosTableViewController.h; sourceTree = "<group>"; };
		06265A3C20EE4EBD00D64B77 /* FavouriteVideosTableViewController.m */ = {isa = PBXFileReference; lastKnownFileType = sourcecode.c.objc; path = FavouriteVideosTableViewController.m; sourceTree = "<group>"; };
		06265A4420EF705600D64B77 /* Reachability.h */ = {isa = PBXFileReference; fileEncoding = 4; lastKnownFileType = sourcecode.c.h; path = Reachability.h; sourceTree = "<group>"; };
		06265A4520EF705700D64B77 /* Reachability.m */ = {isa = PBXFileReference; fileEncoding = 4; lastKnownFileType = sourcecode.c.objc; path = Reachability.m; sourceTree = "<group>"; };
		06265A4720EF708700D64B77 /* SystemConfiguration.framework */ = {isa = PBXFileReference; lastKnownFileType = wrapper.framework; name = SystemConfiguration.framework; path = System/Library/Frameworks/SystemConfiguration.framework; sourceTree = SDKROOT; };
		06265A4920EF7A3300D64B77 /* UserPreferencesTableViewCell.h */ = {isa = PBXFileReference; lastKnownFileType = sourcecode.c.h; path = UserPreferencesTableViewCell.h; sourceTree = "<group>"; };
		06265A4A20EF7A3300D64B77 /* UserPreferencesTableViewCell.m */ = {isa = PBXFileReference; lastKnownFileType = sourcecode.c.objc; path = UserPreferencesTableViewCell.m; sourceTree = "<group>"; };
		06265A4C20EF7ADC00D64B77 /* UserPreferencesTableViewDelegate.h */ = {isa = PBXFileReference; lastKnownFileType = sourcecode.c.h; path = UserPreferencesTableViewDelegate.h; sourceTree = "<group>"; };
		06265A4D20EF7ADC00D64B77 /* UserPreferencesTableViewDelegate.m */ = {isa = PBXFileReference; lastKnownFileType = sourcecode.c.objc; path = UserPreferencesTableViewDelegate.m; sourceTree = "<group>"; };
		06265A4F20F3460B00D64B77 /* AudioStreamNotificationCenter.h */ = {isa = PBXFileReference; lastKnownFileType = sourcecode.c.h; name = AudioStreamNotificationCenter.h; path = PirateRadio/Utilities/AudioStreamNotificationCenter.h; sourceTree = "<group>"; };
		06265A5020F3460B00D64B77 /* AudioStreamNotificationCenter.m */ = {isa = PBXFileReference; lastKnownFileType = sourcecode.c.objc; name = AudioStreamNotificationCenter.m; path = PirateRadio/Utilities/AudioStreamNotificationCenter.m; sourceTree = "<group>"; };
		062E7EA520A5C16B006F1221 /* YoutubeDownloadManager.h */ = {isa = PBXFileReference; lastKnownFileType = sourcecode.c.h; path = YoutubeDownloadManager.h; sourceTree = "<group>"; };
		062E7EA620A5C16B006F1221 /* YoutubeDownloadManager.m */ = {isa = PBXFileReference; lastKnownFileType = sourcecode.c.objc; path = YoutubeDownloadManager.m; sourceTree = "<group>"; };
		062E7EA820A5E911006F1221 /* DownloadModel.h */ = {isa = PBXFileReference; lastKnownFileType = sourcecode.c.h; path = DownloadModel.h; sourceTree = "<group>"; };
		062E7EA920A5E911006F1221 /* DownloadModel.m */ = {isa = PBXFileReference; lastKnownFileType = sourcecode.c.objc; path = DownloadModel.m; sourceTree = "<group>"; };
		062E7EAF20A5F4B1006F1221 /* DownloadButtonWebView.h */ = {isa = PBXFileReference; fileEncoding = 4; lastKnownFileType = sourcecode.c.h; path = DownloadButtonWebView.h; sourceTree = "<group>"; };
		062E7EB020A5F4B1006F1221 /* DownloadButtonWebView.m */ = {isa = PBXFileReference; fileEncoding = 4; lastKnownFileType = sourcecode.c.objc; path = DownloadButtonWebView.m; sourceTree = "<group>"; };
		0634628320D7A1040044EF85 /* YoutubePlaylistModel.h */ = {isa = PBXFileReference; lastKnownFileType = sourcecode.c.h; path = YoutubePlaylistModel.h; sourceTree = "<group>"; };
		0634628420D7A1040044EF85 /* YoutubePlaylistModel.m */ = {isa = PBXFileReference; lastKnownFileType = sourcecode.c.objc; path = YoutubePlaylistModel.m; sourceTree = "<group>"; };
		0634628620D7F3070044EF85 /* YoutubeEntityModel.h */ = {isa = PBXFileReference; lastKnownFileType = sourcecode.c.h; path = YoutubeEntityModel.h; sourceTree = "<group>"; };
		0634628720D7F3070044EF85 /* YoutubeEntityModel.m */ = {isa = PBXFileReference; lastKnownFileType = sourcecode.c.objc; path = YoutubeEntityModel.m; sourceTree = "<group>"; };
		063EDF3720B43DFD00630747 /* SearchSuggestionsTableViewController.h */ = {isa = PBXFileReference; lastKnownFileType = sourcecode.c.h; path = SearchSuggestionsTableViewController.h; sourceTree = "<group>"; };
		063EDF3820B43DFD00630747 /* SearchSuggestionsTableViewController.m */ = {isa = PBXFileReference; lastKnownFileType = sourcecode.c.objc; path = SearchSuggestionsTableViewController.m; sourceTree = "<group>"; };
		063EDF3A20B43E3100630747 /* ImageCacher.m */ = {isa = PBXFileReference; fileEncoding = 4; lastKnownFileType = sourcecode.c.objc; name = ImageCacher.m; path = PirateRadio/Utilities/ImageCacher.m; sourceTree = "<group>"; };
		063EDF3B20B43E3200630747 /* ImageCacher.h */ = {isa = PBXFileReference; fileEncoding = 4; lastKnownFileType = sourcecode.c.h; name = ImageCacher.h; path = PirateRadio/Utilities/ImageCacher.h; sourceTree = "<group>"; };
		0656EFCC20C68ED800ECB25F /* AllSongsTableViewController.h */ = {isa = PBXFileReference; lastKnownFileType = sourcecode.c.h; path = AllSongsTableViewController.h; sourceTree = "<group>"; };
		0656EFCD20C68ED800ECB25F /* AllSongsTableViewController.m */ = {isa = PBXFileReference; lastKnownFileType = sourcecode.c.objc; path = AllSongsTableViewController.m; sourceTree = "<group>"; };
		0660029020E4C7040000884E /* ProfileViewController.h */ = {isa = PBXFileReference; lastKnownFileType = sourcecode.c.h; path = ProfileViewController.h; sourceTree = "<group>"; };
		0660029120E4C7040000884E /* ProfileViewController.m */ = {isa = PBXFileReference; lastKnownFileType = sourcecode.c.objc; path = ProfileViewController.m; sourceTree = "<group>"; };
		0660029620E4CF6E0000884E /* FavouriteVideoTableViewCell.h */ = {isa = PBXFileReference; lastKnownFileType = sourcecode.c.h; path = FavouriteVideoTableViewCell.h; sourceTree = "<group>"; };
		0660029720E4CF6E0000884E /* FavouriteVideoTableViewCell.m */ = {isa = PBXFileReference; lastKnownFileType = sourcecode.c.objc; path = FavouriteVideoTableViewCell.m; sourceTree = "<group>"; };
		0660029920E4F8100000884E /* LoginViewController.h */ = {isa = PBXFileReference; lastKnownFileType = sourcecode.c.h; path = LoginViewController.h; sourceTree = "<group>"; };
		0660029A20E4F8100000884E /* LoginViewController.m */ = {isa = PBXFileReference; lastKnownFileType = sourcecode.c.objc; path = LoginViewController.m; sourceTree = "<group>"; };
		0660029C20E500260000884E /* DataBase.h */ = {isa = PBXFileReference; lastKnownFileType = sourcecode.c.h; name = DataBase.h; path = PirateRadio/Utilities/DataBase.h; sourceTree = "<group>"; };
		0660029D20E500260000884E /* DataBase.m */ = {isa = PBXFileReference; lastKnownFileType = sourcecode.c.objc; name = DataBase.m; path = PirateRadio/Utilities/DataBase.m; sourceTree = "<group>"; };
		066463CF20D1260F00E5551D /* MainTabBarController.h */ = {isa = PBXFileReference; lastKnownFileType = sourcecode.c.h; path = MainTabBarController.h; sourceTree = "<group>"; };
		066463D020D1260F00E5551D /* MainTabBarController.m */ = {isa = PBXFileReference; lastKnownFileType = sourcecode.c.objc; path = MainTabBarController.m; sourceTree = "<group>"; };
		067792F520ECC8BA00E0032E /* DropBox.h */ = {isa = PBXFileReference; lastKnownFileType = sourcecode.c.h; path = DropBox.h; sourceTree = "<group>"; };
		067792F620ECC8BA00E0032E /* DropBox.m */ = {isa = PBXFileReference; lastKnownFileType = sourcecode.c.objc; path = DropBox.m; sourceTree = "<group>"; };
		067792F820ECE93B00E0032E /* SelectedSongOptionsPopoverViewController.h */ = {isa = PBXFileReference; lastKnownFileType = sourcecode.c.h; path = SelectedSongOptionsPopoverViewController.h; sourceTree = "<group>"; };
		067792F920ECE93B00E0032E /* SelectedSongOptionsPopoverViewController.m */ = {isa = PBXFileReference; lastKnownFileType = sourcecode.c.objc; path = SelectedSongOptionsPopoverViewController.m; sourceTree = "<group>"; };
		067792FB20ED018200E0032E /* DropboxSongListTableViewController.h */ = {isa = PBXFileReference; lastKnownFileType = sourcecode.c.h; path = DropboxSongListTableViewController.h; sourceTree = "<group>"; };
		067792FC20ED018200E0032E /* DropboxSongListTableViewController.m */ = {isa = PBXFileReference; lastKnownFileType = sourcecode.c.objc; path = DropboxSongListTableViewController.m; sourceTree = "<group>"; };
		067792FE20ED11F400E0032E /* SelectedDropboxCellPopoverViewController.h */ = {isa = PBXFileReference; lastKnownFileType = sourcecode.c.h; path = SelectedDropboxCellPopoverViewController.h; sourceTree = "<group>"; };
		067792FF20ED11F400E0032E /* SelectedDropboxCellPopoverViewController.m */ = {isa = PBXFileReference; lastKnownFileType = sourcecode.c.objc; path = SelectedDropboxCellPopoverViewController.m; sourceTree = "<group>"; };
		067A6A7B20E27BFF00F861C0 /* ArtworkRequest.h */ = {isa = PBXFileReference; fileEncoding = 4; lastKnownFileType = sourcecode.c.h; path = ArtworkRequest.h; sourceTree = "<group>"; };
		067A6A7C20E27BFF00F861C0 /* ArtworkRequest.m */ = {isa = PBXFileReference; fileEncoding = 4; lastKnownFileType = sourcecode.c.objc; path = ArtworkRequest.m; sourceTree = "<group>"; };
		067A6A7E20E27C7900F861C0 /* ArtworkDownload.h */ = {isa = PBXFileReference; fileEncoding = 4; lastKnownFileType = sourcecode.c.h; path = ArtworkDownload.h; sourceTree = "<group>"; };
		067A6A7F20E27C7900F861C0 /* ArtworkDownload.m */ = {isa = PBXFileReference; fileEncoding = 4; lastKnownFileType = sourcecode.c.objc; path = ArtworkDownload.m; sourceTree = "<group>"; };
		069C32CB20BC071C0079C5C5 /* SongListPlusPlayerViewController.h */ = {isa = PBXFileReference; lastKnownFileType = sourcecode.c.h; path = SongListPlusPlayerViewController.h; sourceTree = "<group>"; };
		069C32CC20BC071C0079C5C5 /* SongListPlusPlayerViewController.m */ = {isa = PBXFileReference; lastKnownFileType = sourcecode.c.objc; path = SongListPlusPlayerViewController.m; sourceTree = "<group>"; };
		069C32CE20BD797D0079C5C5 /* MusicPlayerViewController.h */ = {isa = PBXFileReference; fileEncoding = 4; lastKnownFileType = sourcecode.c.h; path = MusicPlayerViewController.h; sourceTree = "<group>"; };
		069C32D320BD7A440079C5C5 /* MusicPlayerViewController.m */ = {isa = PBXFileReference; fileEncoding = 4; lastKnownFileType = sourcecode.c.objc; path = MusicPlayerViewController.m; sourceTree = "<group>"; };
		06A5697220E6742700260A25 /* Model.xcdatamodel */ = {isa = PBXFileReference; lastKnownFileType = wrapper.xcdatamodel; path = Model.xcdatamodel; sourceTree = "<group>"; };
		06B1B9C820A974500019B0CC /* SavedMusicTableViewController.h */ = {isa = PBXFileReference; lastKnownFileType = sourcecode.c.h; path = SavedMusicTableViewController.h; sourceTree = "<group>"; };
		06B1B9C920A974500019B0CC /* SavedMusicTableViewController.m */ = {isa = PBXFileReference; lastKnownFileType = sourcecode.c.objc; path = SavedMusicTableViewController.m; sourceTree = "<group>"; };
		06B1B9CE20A9E6E40019B0CC /* SavedMusicTableViewCell.h */ = {isa = PBXFileReference; lastKnownFileType = sourcecode.c.h; path = SavedMusicTableViewCell.h; sourceTree = "<group>"; };
		06B1B9CF20A9E6E40019B0CC /* SavedMusicTableViewCell.m */ = {isa = PBXFileReference; lastKnownFileType = sourcecode.c.objc; path = SavedMusicTableViewCell.m; sourceTree = "<group>"; };
		06B53DF920C98A3800D3AD79 /* PirateAVPlayer.m */ = {isa = PBXFileReference; fileEncoding = 4; lastKnownFileType = sourcecode.c.objc; name = PirateAVPlayer.m; path = PirateRadio/Utilities/PirateAVPlayer.m; sourceTree = "<group>"; };
		06B53DFA20C98A3800D3AD79 /* PirateAVPlayer.h */ = {isa = PBXFileReference; fileEncoding = 4; lastKnownFileType = sourcecode.c.h; name = PirateAVPlayer.h; path = PirateRadio/Utilities/PirateAVPlayer.h; sourceTree = "<group>"; };
		06B998EB20C7EBC9007D01AD /* SongListFromPlaylistTableViewController.h */ = {isa = PBXFileReference; lastKnownFileType = sourcecode.c.h; path = SongListFromPlaylistTableViewController.h; sourceTree = "<group>"; };
		06B998EC20C7EBC9007D01AD /* SongListFromPlaylistTableViewController.m */ = {isa = PBXFileReference; lastKnownFileType = sourcecode.c.objc; path = SongListFromPlaylistTableViewController.m; sourceTree = "<group>"; };
		06BBC52820B541EC00BAC667 /* Protocols.h */ = {isa = PBXFileReference; lastKnownFileType = sourcecode.c.h; name = Protocols.h; path = PirateRadio/Utilities/Protocols.h; sourceTree = "<group>"; };
		06BE0CA920A446C5007D9319 /* Constants.h */ = {isa = PBXFileReference; lastKnownFileType = sourcecode.c.h; name = Constants.h; path = PirateRadio/Utilities/Constants.h; sourceTree = "<group>"; };
		06BE0CB020A44F9D007D9319 /* SearchTableViewController.h */ = {isa = PBXFileReference; fileEncoding = 4; lastKnownFileType = sourcecode.c.h; path = SearchTableViewController.h; sourceTree = "<group>"; };
		06BE0CB120A44F9D007D9319 /* SearchTableViewController.m */ = {isa = PBXFileReference; fileEncoding = 4; lastKnownFileType = sourcecode.c.objc; path = SearchTableViewController.m; sourceTree = "<group>"; };
		06BE0CB320A44FDA007D9319 /* YoutubePlayerViewController.h */ = {isa = PBXFileReference; lastKnownFileType = sourcecode.c.h; path = YoutubePlayerViewController.h; sourceTree = "<group>"; };
		06BE0CB420A44FDA007D9319 /* YoutubePlayerViewController.m */ = {isa = PBXFileReference; lastKnownFileType = sourcecode.c.objc; path = YoutubePlayerViewController.m; sourceTree = "<group>"; };
		06BE0CB620A46019007D9319 /* SearchResultTableViewCell.h */ = {isa = PBXFileReference; lastKnownFileType = sourcecode.c.h; path = SearchResultTableViewCell.h; sourceTree = "<group>"; };
		06BE0CB720A46019007D9319 /* SearchResultTableViewCell.m */ = {isa = PBXFileReference; lastKnownFileType = sourcecode.c.objc; path = SearchResultTableViewCell.m; sourceTree = "<group>"; };
		06BE0CC520A4981C007D9319 /* YoutubeConnectionManager.h */ = {isa = PBXFileReference; fileEncoding = 4; lastKnownFileType = sourcecode.c.h; path = YoutubeConnectionManager.h; sourceTree = "<group>"; };
		06BE0CC620A4981C007D9319 /* YoutubeConnectionManager.m */ = {isa = PBXFileReference; fileEncoding = 4; lastKnownFileType = sourcecode.c.objc; path = YoutubeConnectionManager.m; sourceTree = "<group>"; };
		06BE0CC820A4A106007D9319 /* NSURL+URLWithQueryItems.h */ = {isa = PBXFileReference; lastKnownFileType = sourcecode.c.h; name = "NSURL+URLWithQueryItems.h"; path = "PirateRadio/Utilities/NSURL+URLWithQueryItems.h"; sourceTree = "<group>"; };
		06BE0CC920A4A106007D9319 /* NSURL+URLWithQueryItems.m */ = {isa = PBXFileReference; lastKnownFileType = sourcecode.c.objc; name = "NSURL+URLWithQueryItems.m"; path = "PirateRadio/Utilities/NSURL+URLWithQueryItems.m"; sourceTree = "<group>"; };
		06BE0CCF20A4A6B4007D9319 /* ThumbnailModel.h */ = {isa = PBXFileReference; fileEncoding = 4; lastKnownFileType = sourcecode.c.h; path = ThumbnailModel.h; sourceTree = "<group>"; };
		06BE0CD020A4A6B4007D9319 /* ThumbnailModel.m */ = {isa = PBXFileReference; fileEncoding = 4; lastKnownFileType = sourcecode.c.objc; path = ThumbnailModel.m; sourceTree = "<group>"; };
		06BE0CD120A4A6B4007D9319 /* VideoModel.h */ = {isa = PBXFileReference; fileEncoding = 4; lastKnownFileType = sourcecode.c.h; path = VideoModel.h; sourceTree = "<group>"; };
		06BE0CD220A4A6B4007D9319 /* VideoModel.m */ = {isa = PBXFileReference; fileEncoding = 4; lastKnownFileType = sourcecode.c.objc; path = VideoModel.m; sourceTree = "<group>"; };
		06D65A3820AEE9FB000AC0FC /* LocalSongModel.h */ = {isa = PBXFileReference; lastKnownFileType = sourcecode.c.h; path = LocalSongModel.h; sourceTree = "<group>"; };
		06D65A3920AEE9FB000AC0FC /* LocalSongModel.m */ = {isa = PBXFileReference; lastKnownFileType = sourcecode.c.objc; path = LocalSongModel.m; sourceTree = "<group>"; };
		06D65A3D20B31317000AC0FC /* Icons South St.ttf */ = {isa = PBXFileReference; lastKnownFileType = file; path = "Icons South St.ttf"; sourceTree = "<group>"; };
		06FC536420A335CF003238BF /* PirateRadio.app */ = {isa = PBXFileReference; explicitFileType = wrapper.application; includeInIndex = 0; path = PirateRadio.app; sourceTree = BUILT_PRODUCTS_DIR; };
		06FC536720A335CF003238BF /* AppDelegate.h */ = {isa = PBXFileReference; lastKnownFileType = sourcecode.c.h; path = AppDelegate.h; sourceTree = "<group>"; };
		06FC536820A335CF003238BF /* AppDelegate.m */ = {isa = PBXFileReference; lastKnownFileType = sourcecode.c.objc; path = AppDelegate.m; sourceTree = "<group>"; };
		06FC536E20A335CF003238BF /* Base */ = {isa = PBXFileReference; lastKnownFileType = file.storyboard; name = Base; path = Base.lproj/Main.storyboard; sourceTree = "<group>"; };
		06FC537020A335D4003238BF /* Assets.xcassets */ = {isa = PBXFileReference; lastKnownFileType = folder.assetcatalog; path = Assets.xcassets; sourceTree = "<group>"; };
		06FC537320A335D4003238BF /* Base */ = {isa = PBXFileReference; lastKnownFileType = file.storyboard; name = Base; path = Base.lproj/LaunchScreen.storyboard; sourceTree = "<group>"; };
		06FC537520A335D4003238BF /* Info.plist */ = {isa = PBXFileReference; lastKnownFileType = text.plist.xml; path = Info.plist; sourceTree = "<group>"; };
		06FC537620A335D4003238BF /* main.m */ = {isa = PBXFileReference; lastKnownFileType = sourcecode.c.objc; path = main.m; sourceTree = "<group>"; };
		6182B3E40876F8DD259C92ED /* Pods-PirateRadio.release.xcconfig */ = {isa = PBXFileReference; includeInIndex = 1; lastKnownFileType = text.xcconfig; name = "Pods-PirateRadio.release.xcconfig"; path = "Pods/Target Support Files/Pods-PirateRadio/Pods-PirateRadio.release.xcconfig"; sourceTree = "<group>"; };
		891BF603A8EEF8432313DA09 /* Pods-PirateRadio.debug.xcconfig */ = {isa = PBXFileReference; includeInIndex = 1; lastKnownFileType = text.xcconfig; name = "Pods-PirateRadio.debug.xcconfig"; path = "Pods/Target Support Files/Pods-PirateRadio/Pods-PirateRadio.debug.xcconfig"; sourceTree = "<group>"; };
		DBDE799839541C9F2DE21F7E /* libPods-PirateRadio.a */ = {isa = PBXFileReference; explicitFileType = archive.ar; includeInIndex = 0; path = "libPods-PirateRadio.a"; sourceTree = BUILT_PRODUCTS_DIR; };
/* End PBXFileReference section */

/* Begin PBXFrameworksBuildPhase section */
		06FC536120A335CF003238BF /* Frameworks */ = {
			isa = PBXFrameworksBuildPhase;
			buildActionMask = 2147483647;
			files = (
				06265A4820EF708700D64B77 /* SystemConfiguration.framework in Frameworks */,
				5A14E8C8719E3454E5B8D4CA /* libPods-PirateRadio.a in Frameworks */,
			);
			runOnlyForDeploymentPostprocessing = 0;
		};
/* End PBXFrameworksBuildPhase section */

/* Begin PBXGroup section */
		0608884E20C5877A00860DBC /* Playlists */ = {
			isa = PBXGroup;
			children = (
				0608884F20C587A600860DBC /* PlaylistsTableViewController.h */,
				0608885020C587A600860DBC /* PlaylistsTableViewController.m */,
				0656EFCC20C68ED800ECB25F /* AllSongsTableViewController.h */,
				0656EFCD20C68ED800ECB25F /* AllSongsTableViewController.m */,
				06B998EB20C7EBC9007D01AD /* SongListFromPlaylistTableViewController.h */,
				06B998EC20C7EBC9007D01AD /* SongListFromPlaylistTableViewController.m */,
				067792FB20ED018200E0032E /* DropboxSongListTableViewController.h */,
				067792FC20ED018200E0032E /* DropboxSongListTableViewController.m */,
				067792FE20ED11F400E0032E /* SelectedDropboxCellPopoverViewController.h */,
				067792FF20ED11F400E0032E /* SelectedDropboxCellPopoverViewController.m */,
				06265A3B20EE4EBD00D64B77 /* FavouriteVideosTableViewController.h */,
				06265A3C20EE4EBD00D64B77 /* FavouriteVideosTableViewController.m */,
				0660029620E4CF6E0000884E /* FavouriteVideoTableViewCell.h */,
				0660029720E4CF6E0000884E /* FavouriteVideoTableViewCell.m */,
			);
			path = Playlists;
			sourceTree = "<group>";
		};
		062E7EAE20A5F4B1006F1221 /* Views */ = {
			isa = PBXGroup;
			children = (
				062E7EAF20A5F4B1006F1221 /* DownloadButtonWebView.h */,
				062E7EB020A5F4B1006F1221 /* DownloadButtonWebView.m */,
			);
			path = Views;
			sourceTree = "<group>";
		};
		0660028F20E4C6B80000884E /* Profile */ = {
			isa = PBXGroup;
			children = (
				0660029020E4C7040000884E /* ProfileViewController.h */,
				0660029120E4C7040000884E /* ProfileViewController.m */,
				0660029920E4F8100000884E /* LoginViewController.h */,
				0660029A20E4F8100000884E /* LoginViewController.m */,
				06265A4920EF7A3300D64B77 /* UserPreferencesTableViewCell.h */,
				06265A4A20EF7A3300D64B77 /* UserPreferencesTableViewCell.m */,
				06265A4C20EF7ADC00D64B77 /* UserPreferencesTableViewDelegate.h */,
				06265A4D20EF7ADC00D64B77 /* UserPreferencesTableViewDelegate.m */,
			);
			path = Profile;
			sourceTree = "<group>";
		};
		066463CE20D125BE00E5551D /* TabBar */ = {
			isa = PBXGroup;
			children = (
				066463CF20D1260F00E5551D /* MainTabBarController.h */,
				066463D020D1260F00E5551D /* MainTabBarController.m */,
			);
			path = TabBar;
			sourceTree = "<group>";
		};
		069C32D520BD905E0079C5C5 /* SavedMusic */ = {
			isa = PBXGroup;
			children = (
				069C32CB20BC071C0079C5C5 /* SongListPlusPlayerViewController.h */,
				069C32CC20BC071C0079C5C5 /* SongListPlusPlayerViewController.m */,
				069C32CE20BD797D0079C5C5 /* MusicPlayerViewController.h */,
				069C32D320BD7A440079C5C5 /* MusicPlayerViewController.m */,
				06B1B9C820A974500019B0CC /* SavedMusicTableViewController.h */,
				06B1B9C920A974500019B0CC /* SavedMusicTableViewController.m */,
				06B1B9CE20A9E6E40019B0CC /* SavedMusicTableViewCell.h */,
				06B1B9CF20A9E6E40019B0CC /* SavedMusicTableViewCell.m */,
				067792F820ECE93B00E0032E /* SelectedSongOptionsPopoverViewController.h */,
				067792F920ECE93B00E0032E /* SelectedSongOptionsPopoverViewController.m */,
			);
			path = SavedMusic;
			sourceTree = "<group>";
		};
		069C32D620BD90670079C5C5 /* Youtube */ = {
			isa = PBXGroup;
			children = (
				06BE0CB320A44FDA007D9319 /* YoutubePlayerViewController.h */,
				06BE0CB420A44FDA007D9319 /* YoutubePlayerViewController.m */,
				06BE0CB020A44F9D007D9319 /* SearchTableViewController.h */,
				06BE0CB120A44F9D007D9319 /* SearchTableViewController.m */,
				06BE0CB620A46019007D9319 /* SearchResultTableViewCell.h */,
				06BE0CB720A46019007D9319 /* SearchResultTableViewCell.m */,
				063EDF3720B43DFD00630747 /* SearchSuggestionsTableViewController.h */,
				063EDF3820B43DFD00630747 /* SearchSuggestionsTableViewController.m */,
			);
			path = Youtube;
			sourceTree = "<group>";
		};
		06BE0CAA20A4474F007D9319 /* Utilities */ = {
			isa = PBXGroup;
			children = (
				06BBC52820B541EC00BAC667 /* Protocols.h */,
				06BE0CA920A446C5007D9319 /* Constants.h */,
				06BE0CC820A4A106007D9319 /* NSURL+URLWithQueryItems.h */,
				06BE0CC920A4A106007D9319 /* NSURL+URLWithQueryItems.m */,
				063EDF3B20B43E3200630747 /* ImageCacher.h */,
				063EDF3A20B43E3100630747 /* ImageCacher.m */,
				06B53DFA20C98A3800D3AD79 /* PirateAVPlayer.h */,
				06B53DF920C98A3800D3AD79 /* PirateAVPlayer.m */,
				0660029C20E500260000884E /* DataBase.h */,
				0660029D20E500260000884E /* DataBase.m */,
				06265A4F20F3460B00D64B77 /* AudioStreamNotificationCenter.h */,
				06265A5020F3460B00D64B77 /* AudioStreamNotificationCenter.m */,
			);
			name = Utilities;
			path = ..;
			sourceTree = "<group>";
		};
		06BE0CAF20A44F9D007D9319 /* ViewControllers */ = {
			isa = PBXGroup;
			children = (
				066463CE20D125BE00E5551D /* TabBar */,
				0660028F20E4C6B80000884E /* Profile */,
				0608884E20C5877A00860DBC /* Playlists */,
				069C32D620BD90670079C5C5 /* Youtube */,
				069C32D520BD905E0079C5C5 /* SavedMusic */,
			);
			path = ViewControllers;
			sourceTree = "<group>";
		};
		06BE0CC420A4981B007D9319 /* Connections */ = {
			isa = PBXGroup;
			children = (
				067A6A7B20E27BFF00F861C0 /* ArtworkRequest.h */,
				067A6A7C20E27BFF00F861C0 /* ArtworkRequest.m */,
				06BE0CC520A4981C007D9319 /* YoutubeConnectionManager.h */,
				06BE0CC620A4981C007D9319 /* YoutubeConnectionManager.m */,
				062E7EA520A5C16B006F1221 /* YoutubeDownloadManager.h */,
				062E7EA620A5C16B006F1221 /* YoutubeDownloadManager.m */,
				067A6A7E20E27C7900F861C0 /* ArtworkDownload.h */,
				067A6A7F20E27C7900F861C0 /* ArtworkDownload.m */,
				067792F520ECC8BA00E0032E /* DropBox.h */,
				067792F620ECC8BA00E0032E /* DropBox.m */,
				06265A4420EF705600D64B77 /* Reachability.h */,
				06265A4520EF705700D64B77 /* Reachability.m */,
			);
			path = Connections;
			sourceTree = "<group>";
		};
		06BE0CCE20A4A6B4007D9319 /* Models */ = {
			isa = PBXGroup;
			children = (
				06BE0CCF20A4A6B4007D9319 /* ThumbnailModel.h */,
				06BE0CD020A4A6B4007D9319 /* ThumbnailModel.m */,
				06BE0CD120A4A6B4007D9319 /* VideoModel.h */,
				06BE0CD220A4A6B4007D9319 /* VideoModel.m */,
				062E7EA820A5E911006F1221 /* DownloadModel.h */,
				062E7EA920A5E911006F1221 /* DownloadModel.m */,
				06D65A3820AEE9FB000AC0FC /* LocalSongModel.h */,
				06D65A3920AEE9FB000AC0FC /* LocalSongModel.m */,
				0608885220C5883E00860DBC /* PlaylistModel.h */,
				0608885320C5883E00860DBC /* PlaylistModel.m */,
				0634628320D7A1040044EF85 /* YoutubePlaylistModel.h */,
				0634628420D7A1040044EF85 /* YoutubePlaylistModel.m */,
				0634628620D7F3070044EF85 /* YoutubeEntityModel.h */,
				0634628720D7F3070044EF85 /* YoutubeEntityModel.m */,
			);
			path = Models;
			sourceTree = "<group>";
		};
		06D65A3B20B31317000AC0FC /* Resources */ = {
			isa = PBXGroup;
			children = (
				06D65A3C20B31317000AC0FC /* Fonts */,
			);
			path = Resources;
			sourceTree = "<group>";
		};
		06D65A3C20B31317000AC0FC /* Fonts */ = {
			isa = PBXGroup;
			children = (
				06D65A3D20B31317000AC0FC /* Icons South St.ttf */,
			);
			path = Fonts;
			sourceTree = "<group>";
		};
		06FC535B20A335CF003238BF = {
			isa = PBXGroup;
			children = (
				06FC536620A335CF003238BF /* PirateRadio */,
				06FC536520A335CF003238BF /* Products */,
				49EE55990CC85C7D69AC7271 /* Pods */,
				A28ABB5990062DFC0AC5AE40 /* Frameworks */,
			);
			sourceTree = "<group>";
		};
		06FC536520A335CF003238BF /* Products */ = {
			isa = PBXGroup;
			children = (
				06FC536420A335CF003238BF /* PirateRadio.app */,
			);
			name = Products;
			sourceTree = "<group>";
		};
		06FC536620A335CF003238BF /* PirateRadio */ = {
			isa = PBXGroup;
			children = (
				062E7EAE20A5F4B1006F1221 /* Views */,
				06BE0CC420A4981B007D9319 /* Connections */,
				06BE0CCE20A4A6B4007D9319 /* Models */,
				06BE0CAA20A4474F007D9319 /* Utilities */,
				06BE0CAF20A44F9D007D9319 /* ViewControllers */,
				06D65A3B20B31317000AC0FC /* Resources */,
				06A5697120E6742700260A25 /* Model.xcdatamodeld */,
				06FC536720A335CF003238BF /* AppDelegate.h */,
				06FC536820A335CF003238BF /* AppDelegate.m */,
				06FC536D20A335CF003238BF /* Main.storyboard */,
				06FC537020A335D4003238BF /* Assets.xcassets */,
				06FC537220A335D4003238BF /* LaunchScreen.storyboard */,
				06FC537520A335D4003238BF /* Info.plist */,
				06FC537620A335D4003238BF /* main.m */,
			);
			path = PirateRadio;
			sourceTree = "<group>";
		};
		49EE55990CC85C7D69AC7271 /* Pods */ = {
			isa = PBXGroup;
			children = (
				891BF603A8EEF8432313DA09 /* Pods-PirateRadio.debug.xcconfig */,
				6182B3E40876F8DD259C92ED /* Pods-PirateRadio.release.xcconfig */,
			);
			name = Pods;
			sourceTree = "<group>";
		};
		A28ABB5990062DFC0AC5AE40 /* Frameworks */ = {
			isa = PBXGroup;
			children = (
				06265A4720EF708700D64B77 /* SystemConfiguration.framework */,
				DBDE799839541C9F2DE21F7E /* libPods-PirateRadio.a */,
			);
			name = Frameworks;
			sourceTree = "<group>";
		};
/* End PBXGroup section */

/* Begin PBXNativeTarget section */
		06FC536320A335CF003238BF /* PirateRadio */ = {
			isa = PBXNativeTarget;
			buildConfigurationList = 06FC537A20A335D4003238BF /* Build configuration list for PBXNativeTarget "PirateRadio" */;
			buildPhases = (
				A9D7D7ABE758C03E7042B822 /* [CP] Check Pods Manifest.lock */,
				06FC536020A335CF003238BF /* Sources */,
				06FC536120A335CF003238BF /* Frameworks */,
				06FC536220A335CF003238BF /* Resources */,
				C54A13E1819E225678C3694E /* [CP] Copy Pods Resources */,
			);
			buildRules = (
			);
			dependencies = (
			);
			name = PirateRadio;
			productName = PirateRadio;
			productReference = 06FC536420A335CF003238BF /* PirateRadio.app */;
			productType = "com.apple.product-type.application";
		};
/* End PBXNativeTarget section */

/* Begin PBXProject section */
		06FC535C20A335CF003238BF /* Project object */ = {
			isa = PBXProject;
			attributes = {
				LastUpgradeCheck = 0940;
				ORGANIZATIONNAME = "A-Team User";
				TargetAttributes = {
					06FC536320A335CF003238BF = {
						CreatedOnToolsVersion = 9.3;
						ProvisioningStyle = Automatic;
						SystemCapabilities = {
							com.apple.BackgroundModes = {
								enabled = 1;
							};
							com.apple.InterAppAudio = {
								enabled = 0;
							};
						};
					};
				};
			};
			buildConfigurationList = 06FC535F20A335CF003238BF /* Build configuration list for PBXProject "PirateRadio" */;
			compatibilityVersion = "Xcode 8.0";
			developmentRegion = en;
			hasScannedForEncodings = 0;
			knownRegions = (
				en,
				Base,
			);
			mainGroup = 06FC535B20A335CF003238BF;
			productRefGroup = 06FC536520A335CF003238BF /* Products */;
			projectDirPath = "";
			projectRoot = "";
			targets = (
				06FC536320A335CF003238BF /* PirateRadio */,
			);
		};
/* End PBXProject section */

/* Begin PBXResourcesBuildPhase section */
		06FC536220A335CF003238BF /* Resources */ = {
			isa = PBXResourcesBuildPhase;
			buildActionMask = 2147483647;
			files = (
				06D65A3E20B31318000AC0FC /* Icons South St.ttf in Resources */,
				06FC537420A335D4003238BF /* LaunchScreen.storyboard in Resources */,
				06FC537120A335D4003238BF /* Assets.xcassets in Resources */,
				06FC536F20A335CF003238BF /* Main.storyboard in Resources */,
			);
			runOnlyForDeploymentPostprocessing = 0;
		};
/* End PBXResourcesBuildPhase section */

/* Begin PBXShellScriptBuildPhase section */
		A9D7D7ABE758C03E7042B822 /* [CP] Check Pods Manifest.lock */ = {
			isa = PBXShellScriptBuildPhase;
			buildActionMask = 2147483647;
			files = (
			);
			inputPaths = (
				"${PODS_PODFILE_DIR_PATH}/Podfile.lock",
				"${PODS_ROOT}/Manifest.lock",
			);
			name = "[CP] Check Pods Manifest.lock";
			outputPaths = (
				"$(DERIVED_FILE_DIR)/Pods-PirateRadio-checkManifestLockResult.txt",
			);
			runOnlyForDeploymentPostprocessing = 0;
			shellPath = /bin/sh;
			shellScript = "diff \"${PODS_PODFILE_DIR_PATH}/Podfile.lock\" \"${PODS_ROOT}/Manifest.lock\" > /dev/null\nif [ $? != 0 ] ; then\n    # print error to STDERR\n    echo \"error: The sandbox is not in sync with the Podfile.lock. Run 'pod install' or update your CocoaPods installation.\" >&2\n    exit 1\nfi\n# This output is used by Xcode 'outputs' to avoid re-running this script phase.\necho \"SUCCESS\" > \"${SCRIPT_OUTPUT_FILE_0}\"\n";
			showEnvVarsInLog = 0;
		};
		C54A13E1819E225678C3694E /* [CP] Copy Pods Resources */ = {
			isa = PBXShellScriptBuildPhase;
			buildActionMask = 2147483647;
			files = (
			);
			inputPaths = (
				"${SRCROOT}/Pods/Target Support Files/Pods-PirateRadio/Pods-PirateRadio-resources.sh",
				"${PODS_CONFIGURATION_BUILD_DIR}/MBCircularProgressBar/MBCircularProgressBar.bundle",
				"${PODS_ROOT}/youtube-ios-player-helper/youtube-ios-player-helper/Assets.bundle",
			);
			name = "[CP] Copy Pods Resources";
			outputPaths = (
				"${TARGET_BUILD_DIR}/${UNLOCALIZED_RESOURCES_FOLDER_PATH}/MBCircularProgressBar.bundle",
				"${TARGET_BUILD_DIR}/${UNLOCALIZED_RESOURCES_FOLDER_PATH}/Assets.bundle",
			);
			runOnlyForDeploymentPostprocessing = 0;
			shellPath = /bin/sh;
			shellScript = "\"${SRCROOT}/Pods/Target Support Files/Pods-PirateRadio/Pods-PirateRadio-resources.sh\"\n";
			showEnvVarsInLog = 0;
		};
/* End PBXShellScriptBuildPhase section */

/* Begin PBXSourcesBuildPhase section */
		06FC536020A335CF003238BF /* Sources */ = {
			isa = PBXSourcesBuildPhase;
			buildActionMask = 2147483647;
			files = (
				067A6A8020E27C7900F861C0 /* ArtworkDownload.m in Sources */,
				0660029E20E500260000884E /* DataBase.m in Sources */,
				06BE0CD320A4A6B4007D9319 /* ThumbnailModel.m in Sources */,
				0660029220E4C7040000884E /* ProfileViewController.m in Sources */,
				0677930020ED11F400E0032E /* SelectedDropboxCellPopoverViewController.m in Sources */,
				06B53DFB20C98A3900D3AD79 /* PirateAVPlayer.m in Sources */,
				067792FA20ECE93B00E0032E /* SelectedSongOptionsPopoverViewController.m in Sources */,
				0660029B20E4F8100000884E /* LoginViewController.m in Sources */,
				067792FD20ED018200E0032E /* DropboxSongListTableViewController.m in Sources */,
				06BE0CC720A4981C007D9319 /* YoutubeConnectionManager.m in Sources */,
				06265A4620EF705700D64B77 /* Reachability.m in Sources */,
				06265A4E20EF7ADC00D64B77 /* UserPreferencesTableViewDelegate.m in Sources */,
				06FC537720A335D4003238BF /* main.m in Sources */,
				0634628820D7F3070044EF85 /* YoutubeEntityModel.m in Sources */,
				0608885120C587A600860DBC /* PlaylistsTableViewController.m in Sources */,
				06265A3D20EE4EBD00D64B77 /* FavouriteVideosTableViewController.m in Sources */,
				062E7EB120A5F4B1006F1221 /* DownloadButtonWebView.m in Sources */,
				06BE0CCA20A4A106007D9319 /* NSURL+URLWithQueryItems.m in Sources */,
				0634628520D7A1040044EF85 /* YoutubePlaylistModel.m in Sources */,
				06BE0CB520A44FDA007D9319 /* YoutubePlayerViewController.m in Sources */,
				063EDF3920B43DFD00630747 /* SearchSuggestionsTableViewController.m in Sources */,
				06BE0CD420A4A6B4007D9319 /* VideoModel.m in Sources */,
				06B998ED20C7EBC9007D01AD /* SongListFromPlaylistTableViewController.m in Sources */,
				06A5697320E6742700260A25 /* Model.xcdatamodeld in Sources */,
				0656EFCE20C68ED800ECB25F /* AllSongsTableViewController.m in Sources */,
				06D65A3A20AEE9FB000AC0FC /* LocalSongModel.m in Sources */,
				06FC536920A335CF003238BF /* AppDelegate.m in Sources */,
				0660029820E4CF6E0000884E /* FavouriteVideoTableViewCell.m in Sources */,
				06265A5120F3460B00D64B77 /* AudioStreamNotificationCenter.m in Sources */,
				062E7EA720A5C16B006F1221 /* YoutubeDownloadManager.m in Sources */,
				06B1B9CA20A974500019B0CC /* SavedMusicTableViewController.m in Sources */,
				062E7EAA20A5E911006F1221 /* DownloadModel.m in Sources */,
				067A6A7D20E27BFF00F861C0 /* ArtworkRequest.m in Sources */,
				069C32D420BD7A440079C5C5 /* MusicPlayerViewController.m in Sources */,
				06BE0CB220A44F9D007D9319 /* SearchTableViewController.m in Sources */,
				06BE0CB820A46019007D9319 /* SearchResultTableViewCell.m in Sources */,
				069C32CD20BC071C0079C5C5 /* SongListPlusPlayerViewController.m in Sources */,
				066463D120D1260F00E5551D /* MainTabBarController.m in Sources */,
				0608885420C5883E00860DBC /* PlaylistModel.m in Sources */,
				06265A4B20EF7A3300D64B77 /* UserPreferencesTableViewCell.m in Sources */,
				067792F720ECC8BA00E0032E /* DropBox.m in Sources */,
				06B1B9D020A9E6E40019B0CC /* SavedMusicTableViewCell.m in Sources */,
				063EDF3C20B43E3200630747 /* ImageCacher.m in Sources */,
			);
			runOnlyForDeploymentPostprocessing = 0;
		};
/* End PBXSourcesBuildPhase section */

/* Begin PBXVariantGroup section */
		06FC536D20A335CF003238BF /* Main.storyboard */ = {
			isa = PBXVariantGroup;
			children = (
				06FC536E20A335CF003238BF /* Base */,
			);
			name = Main.storyboard;
			sourceTree = "<group>";
		};
		06FC537220A335D4003238BF /* LaunchScreen.storyboard */ = {
			isa = PBXVariantGroup;
			children = (
				06FC537320A335D4003238BF /* Base */,
			);
			name = LaunchScreen.storyboard;
			sourceTree = "<group>";
		};
/* End PBXVariantGroup section */

/* Begin XCBuildConfiguration section */
		06FC537820A335D4003238BF /* Debug */ = {
			isa = XCBuildConfiguration;
			buildSettings = {
				ALWAYS_SEARCH_USER_PATHS = NO;
				CLANG_ANALYZER_NONNULL = YES;
				CLANG_ANALYZER_NUMBER_OBJECT_CONVERSION = YES_AGGRESSIVE;
				CLANG_CXX_LANGUAGE_STANDARD = "gnu++14";
				CLANG_CXX_LIBRARY = "libc++";
				CLANG_ENABLE_MODULES = YES;
				CLANG_ENABLE_OBJC_ARC = YES;
				CLANG_ENABLE_OBJC_WEAK = YES;
				CLANG_WARN_BLOCK_CAPTURE_AUTORELEASING = YES;
				CLANG_WARN_BOOL_CONVERSION = YES;
				CLANG_WARN_COMMA = YES;
				CLANG_WARN_CONSTANT_CONVERSION = YES;
				CLANG_WARN_DEPRECATED_OBJC_IMPLEMENTATIONS = YES;
				CLANG_WARN_DIRECT_OBJC_ISA_USAGE = YES_ERROR;
				CLANG_WARN_DOCUMENTATION_COMMENTS = YES;
				CLANG_WARN_EMPTY_BODY = YES;
				CLANG_WARN_ENUM_CONVERSION = YES;
				CLANG_WARN_INFINITE_RECURSION = YES;
				CLANG_WARN_INT_CONVERSION = YES;
				CLANG_WARN_NON_LITERAL_NULL_CONVERSION = YES;
				CLANG_WARN_OBJC_IMPLICIT_RETAIN_SELF = YES;
				CLANG_WARN_OBJC_LITERAL_CONVERSION = YES;
				CLANG_WARN_OBJC_ROOT_CLASS = YES_ERROR;
				CLANG_WARN_RANGE_LOOP_ANALYSIS = YES;
				CLANG_WARN_STRICT_PROTOTYPES = YES;
				CLANG_WARN_SUSPICIOUS_MOVE = YES;
				CLANG_WARN_UNGUARDED_AVAILABILITY = YES_AGGRESSIVE;
				CLANG_WARN_UNREACHABLE_CODE = YES;
				CLANG_WARN__DUPLICATE_METHOD_MATCH = YES;
				CODE_SIGN_IDENTITY = "iPhone Developer";
				COPY_PHASE_STRIP = NO;
				DEBUG_INFORMATION_FORMAT = dwarf;
				ENABLE_BITCODE = YES;
				ENABLE_STRICT_OBJC_MSGSEND = YES;
				ENABLE_TESTABILITY = YES;
				GCC_C_LANGUAGE_STANDARD = gnu11;
				GCC_DYNAMIC_NO_PIC = NO;
				GCC_NO_COMMON_BLOCKS = YES;
				GCC_OPTIMIZATION_LEVEL = 0;
				GCC_PREPROCESSOR_DEFINITIONS = (
					"DEBUG=1",
					"$(inherited)",
				);
				GCC_WARN_64_TO_32_BIT_CONVERSION = YES;
				GCC_WARN_ABOUT_RETURN_TYPE = YES_ERROR;
				GCC_WARN_UNDECLARED_SELECTOR = YES;
				GCC_WARN_UNINITIALIZED_AUTOS = YES_AGGRESSIVE;
				GCC_WARN_UNUSED_FUNCTION = YES;
				GCC_WARN_UNUSED_VARIABLE = YES;
				IPHONEOS_DEPLOYMENT_TARGET = 11.3;
				MTL_ENABLE_DEBUG_INFO = YES;
				ONLY_ACTIVE_ARCH = YES;
				SDKROOT = iphoneos;
				SWIFT_VERSION = 3.2;
			};
			name = Debug;
		};
		06FC537920A335D4003238BF /* Release */ = {
			isa = XCBuildConfiguration;
			buildSettings = {
				ALWAYS_SEARCH_USER_PATHS = NO;
				CLANG_ANALYZER_NONNULL = YES;
				CLANG_ANALYZER_NUMBER_OBJECT_CONVERSION = YES_AGGRESSIVE;
				CLANG_CXX_LANGUAGE_STANDARD = "gnu++14";
				CLANG_CXX_LIBRARY = "libc++";
				CLANG_ENABLE_MODULES = YES;
				CLANG_ENABLE_OBJC_ARC = YES;
				CLANG_ENABLE_OBJC_WEAK = YES;
				CLANG_WARN_BLOCK_CAPTURE_AUTORELEASING = YES;
				CLANG_WARN_BOOL_CONVERSION = YES;
				CLANG_WARN_COMMA = YES;
				CLANG_WARN_CONSTANT_CONVERSION = YES;
				CLANG_WARN_DEPRECATED_OBJC_IMPLEMENTATIONS = YES;
				CLANG_WARN_DIRECT_OBJC_ISA_USAGE = YES_ERROR;
				CLANG_WARN_DOCUMENTATION_COMMENTS = YES;
				CLANG_WARN_EMPTY_BODY = YES;
				CLANG_WARN_ENUM_CONVERSION = YES;
				CLANG_WARN_INFINITE_RECURSION = YES;
				CLANG_WARN_INT_CONVERSION = YES;
				CLANG_WARN_NON_LITERAL_NULL_CONVERSION = YES;
				CLANG_WARN_OBJC_IMPLICIT_RETAIN_SELF = YES;
				CLANG_WARN_OBJC_LITERAL_CONVERSION = YES;
				CLANG_WARN_OBJC_ROOT_CLASS = YES_ERROR;
				CLANG_WARN_RANGE_LOOP_ANALYSIS = YES;
				CLANG_WARN_STRICT_PROTOTYPES = YES;
				CLANG_WARN_SUSPICIOUS_MOVE = YES;
				CLANG_WARN_UNGUARDED_AVAILABILITY = YES_AGGRESSIVE;
				CLANG_WARN_UNREACHABLE_CODE = YES;
				CLANG_WARN__DUPLICATE_METHOD_MATCH = YES;
				CODE_SIGN_IDENTITY = "iPhone Developer";
				COPY_PHASE_STRIP = NO;
				DEBUG_INFORMATION_FORMAT = "dwarf-with-dsym";
				ENABLE_BITCODE = YES;
				ENABLE_NS_ASSERTIONS = NO;
				ENABLE_STRICT_OBJC_MSGSEND = YES;
				GCC_C_LANGUAGE_STANDARD = gnu11;
				GCC_NO_COMMON_BLOCKS = YES;
				GCC_WARN_64_TO_32_BIT_CONVERSION = YES;
				GCC_WARN_ABOUT_RETURN_TYPE = YES_ERROR;
				GCC_WARN_UNDECLARED_SELECTOR = YES;
				GCC_WARN_UNINITIALIZED_AUTOS = YES_AGGRESSIVE;
				GCC_WARN_UNUSED_FUNCTION = YES;
				GCC_WARN_UNUSED_VARIABLE = YES;
				IPHONEOS_DEPLOYMENT_TARGET = 11.3;
				MTL_ENABLE_DEBUG_INFO = NO;
				SDKROOT = iphoneos;
				SWIFT_VERSION = 3.2;
				VALIDATE_PRODUCT = YES;
			};
			name = Release;
		};
		06FC537B20A335D4003238BF /* Debug */ = {
			isa = XCBuildConfiguration;
			baseConfigurationReference = 891BF603A8EEF8432313DA09 /* Pods-PirateRadio.debug.xcconfig */;
			buildSettings = {
				ALWAYS_EMBED_SWIFT_STANDARD_LIBRARIES = NO;
				ASSETCATALOG_COMPILER_APPICON_NAME = AppIcon;
				CODE_SIGN_IDENTITY = "iPhone Developer";
				INFOPLIST_FILE = PirateRadio/Info.plist;
				IPHONEOS_DEPLOYMENT_TARGET = 11.0;
				LD_RUNPATH_SEARCH_PATHS = "$(inherited) @executable_path/Frameworks";
				LIBRARY_SEARCH_PATHS = (
					"$(inherited)",
					"\"${PODS_CONFIGURATION_BUILD_DIR}/AutoScrollLabel\"",
					"\"${PODS_CONFIGURATION_BUILD_DIR}/DGActivityIndicatorView\"",
					"\"${PODS_CONFIGURATION_BUILD_DIR}/MBCircularProgressBar\"",
					"\"${PODS_CONFIGURATION_BUILD_DIR}/youtube-ios-player-helper\"",
				);
				PRODUCT_BUNDLE_IDENTIFIER = net.nemetschek.PirateRadio;
				PRODUCT_NAME = "$(TARGET_NAME)";
				PROVISIONING_PROFILE = "";
				PROVISIONING_PROFILE_SPECIFIER = "";
				TARGETED_DEVICE_FAMILY = "1,2";
			};
			name = Debug;
		};
		06FC537C20A335D4003238BF /* Release */ = {
			isa = XCBuildConfiguration;
			baseConfigurationReference = 6182B3E40876F8DD259C92ED /* Pods-PirateRadio.release.xcconfig */;
			buildSettings = {
				ALWAYS_EMBED_SWIFT_STANDARD_LIBRARIES = NO;
				ASSETCATALOG_COMPILER_APPICON_NAME = AppIcon;
				CODE_SIGN_IDENTITY = "iPhone Developer";
				CODE_SIGN_STYLE = Automatic;
				INFOPLIST_FILE = PirateRadio/Info.plist;
				IPHONEOS_DEPLOYMENT_TARGET = 11.0;
				LD_RUNPATH_SEARCH_PATHS = "$(inherited) @executable_path/Frameworks";
				LIBRARY_SEARCH_PATHS = (
					"$(inherited)",
					"\"${PODS_CONFIGURATION_BUILD_DIR}/AutoScrollLabel\"",
					"\"${PODS_CONFIGURATION_BUILD_DIR}/DGActivityIndicatorView\"",
					"\"${PODS_CONFIGURATION_BUILD_DIR}/MBCircularProgressBar\"",
					"\"${PODS_CONFIGURATION_BUILD_DIR}/youtube-ios-player-helper\"",
				);
				PRODUCT_BUNDLE_IDENTIFIER = net.nemetschek.PirateRadio;
				PRODUCT_NAME = "$(TARGET_NAME)";
				PROVISIONING_PROFILE_SPECIFIER = "";
				TARGETED_DEVICE_FAMILY = "1,2";
			};
			name = Release;
		};
/* End XCBuildConfiguration section */

/* Begin XCConfigurationList section */
		06FC535F20A335CF003238BF /* Build configuration list for PBXProject "PirateRadio" */ = {
			isa = XCConfigurationList;
			buildConfigurations = (
				06FC537820A335D4003238BF /* Debug */,
				06FC537920A335D4003238BF /* Release */,
			);
			defaultConfigurationIsVisible = 0;
			defaultConfigurationName = Release;
		};
		06FC537A20A335D4003238BF /* Build configuration list for PBXNativeTarget "PirateRadio" */ = {
			isa = XCConfigurationList;
			buildConfigurations = (
				06FC537B20A335D4003238BF /* Debug */,
				06FC537C20A335D4003238BF /* Release */,
			);
			defaultConfigurationIsVisible = 0;
			defaultConfigurationName = Release;
		};
/* End XCConfigurationList section */

/* Begin XCVersionGroup section */
		06A5697120E6742700260A25 /* Model.xcdatamodeld */ = {
			isa = XCVersionGroup;
			children = (
				06A5697220E6742700260A25 /* Model.xcdatamodel */,
			);
			currentVersion = 06A5697220E6742700260A25 /* Model.xcdatamodel */;
			path = Model.xcdatamodeld;
			sourceTree = "<group>";
			versionGroupType = wrapper.xcdatamodel;
		};
/* End XCVersionGroup section */
	};
	rootObject = 06FC535C20A335CF003238BF /* Project object */;
}
