// !$*UTF8*$!
{
	archiveVersion = 1;
	classes = {
	};
	objectVersion = 50;
	objects = {

/* Begin PBXBuildFile section */
		062E7EA720A5C16B006F1221 /* YoutubeDownloadManager.m in Sources */ = {isa = PBXBuildFile; fileRef = 062E7EA620A5C16B006F1221 /* YoutubeDownloadManager.m */; };
		06BE0CB220A44F9D007D9319 /* SearchTableViewController.m in Sources */ = {isa = PBXBuildFile; fileRef = 06BE0CB120A44F9D007D9319 /* SearchTableViewController.m */; };
		06BE0CB520A44FDA007D9319 /* YoutubePlayerViewController.m in Sources */ = {isa = PBXBuildFile; fileRef = 06BE0CB420A44FDA007D9319 /* YoutubePlayerViewController.m */; };
		06BE0CB820A46019007D9319 /* SearchResultTableViewCell.m in Sources */ = {isa = PBXBuildFile; fileRef = 06BE0CB720A46019007D9319 /* SearchResultTableViewCell.m */; };
		06BE0CC720A4981C007D9319 /* YoutubeConnectionManager.m in Sources */ = {isa = PBXBuildFile; fileRef = 06BE0CC620A4981C007D9319 /* YoutubeConnectionManager.m */; };
		06BE0CCA20A4A106007D9319 /* NSURL+URLWithQueryItems.m in Sources */ = {isa = PBXBuildFile; fileRef = 06BE0CC920A4A106007D9319 /* NSURL+URLWithQueryItems.m */; };
		06BE0CD320A4A6B4007D9319 /* ThumbnailModel.m in Sources */ = {isa = PBXBuildFile; fileRef = 06BE0CD020A4A6B4007D9319 /* ThumbnailModel.m */; };
		06BE0CD420A4A6B4007D9319 /* VideoModel.m in Sources */ = {isa = PBXBuildFile; fileRef = 06BE0CD220A4A6B4007D9319 /* VideoModel.m */; };
		06FC536920A335CF003238BF /* AppDelegate.m in Sources */ = {isa = PBXBuildFile; fileRef = 06FC536820A335CF003238BF /* AppDelegate.m */; };
		06FC536F20A335CF003238BF /* Main.storyboard in Resources */ = {isa = PBXBuildFile; fileRef = 06FC536D20A335CF003238BF /* Main.storyboard */; };
		06FC537120A335D4003238BF /* Assets.xcassets in Resources */ = {isa = PBXBuildFile; fileRef = 06FC537020A335D4003238BF /* Assets.xcassets */; };
		06FC537420A335D4003238BF /* LaunchScreen.storyboard in Resources */ = {isa = PBXBuildFile; fileRef = 06FC537220A335D4003238BF /* LaunchScreen.storyboard */; };
		06FC537720A335D4003238BF /* main.m in Sources */ = {isa = PBXBuildFile; fileRef = 06FC537620A335D4003238BF /* main.m */; };
		1CC395A674ECF35F2D55F5B4 /* libPods-PirateRadio.a in Frameworks */ = {isa = PBXBuildFile; fileRef = AE5D4BCF5E0478913DE84BBD /* libPods-PirateRadio.a */; };
/* End PBXBuildFile section */

/* Begin PBXFileReference section */
		062E7EA520A5C16B006F1221 /* YoutubeDownloadManager.h */ = {isa = PBXFileReference; lastKnownFileType = sourcecode.c.h; path = YoutubeDownloadManager.h; sourceTree = "<group>"; };
		062E7EA620A5C16B006F1221 /* YoutubeDownloadManager.m */ = {isa = PBXFileReference; lastKnownFileType = sourcecode.c.objc; path = YoutubeDownloadManager.m; sourceTree = "<group>"; };
		06BE0CA920A446C5007D9319 /* Constants.h */ = {isa = PBXFileReference; lastKnownFileType = sourcecode.c.h; name = Constants.h; path = PirateRadio/Utilities/Constants.h; sourceTree = "<group>"; };
		06BE0CB020A44F9D007D9319 /* SearchTableViewController.h */ = {isa = PBXFileReference; fileEncoding = 4; lastKnownFileType = sourcecode.c.h; path = SearchTableViewController.h; sourceTree = "<group>"; };
		06BE0CB120A44F9D007D9319 /* SearchTableViewController.m */ = {isa = PBXFileReference; fileEncoding = 4; lastKnownFileType = sourcecode.c.objc; path = SearchTableViewController.m; sourceTree = "<group>"; };
		06BE0CB320A44FDA007D9319 /* YoutubePlayerViewController.h */ = {isa = PBXFileReference; lastKnownFileType = sourcecode.c.h; path = YoutubePlayerViewController.h; sourceTree = "<group>"; };
		06BE0CB420A44FDA007D9319 /* YoutubePlayerViewController.m */ = {isa = PBXFileReference; lastKnownFileType = sourcecode.c.objc; path = YoutubePlayerViewController.m; sourceTree = "<group>"; };
		06BE0CB620A46019007D9319 /* SearchResultTableViewCell.h */ = {isa = PBXFileReference; lastKnownFileType = sourcecode.c.h; path = SearchResultTableViewCell.h; sourceTree = "<group>"; };
		06BE0CB720A46019007D9319 /* SearchResultTableViewCell.m */ = {isa = PBXFileReference; lastKnownFileType = sourcecode.c.objc; path = SearchResultTableViewCell.m; sourceTree = "<group>"; };
		06BE0CBD20A464AA007D9319 /* Protocols.h */ = {isa = PBXFileReference; lastKnownFileType = sourcecode.c.h; path = Protocols.h; sourceTree = "<group>"; };
		06BE0CC520A4981C007D9319 /* YoutubeConnectionManager.h */ = {isa = PBXFileReference; fileEncoding = 4; lastKnownFileType = sourcecode.c.h; path = YoutubeConnectionManager.h; sourceTree = "<group>"; };
		06BE0CC620A4981C007D9319 /* YoutubeConnectionManager.m */ = {isa = PBXFileReference; fileEncoding = 4; lastKnownFileType = sourcecode.c.objc; path = YoutubeConnectionManager.m; sourceTree = "<group>"; };
		06BE0CC820A4A106007D9319 /* NSURL+URLWithQueryItems.h */ = {isa = PBXFileReference; lastKnownFileType = sourcecode.c.h; name = "NSURL+URLWithQueryItems.h"; path = "PirateRadio/Utilities/NSURL+URLWithQueryItems.h"; sourceTree = "<group>"; };
		06BE0CC920A4A106007D9319 /* NSURL+URLWithQueryItems.m */ = {isa = PBXFileReference; lastKnownFileType = sourcecode.c.objc; name = "NSURL+URLWithQueryItems.m"; path = "PirateRadio/Utilities/NSURL+URLWithQueryItems.m"; sourceTree = "<group>"; };
		06BE0CCF20A4A6B4007D9319 /* ThumbnailModel.h */ = {isa = PBXFileReference; fileEncoding = 4; lastKnownFileType = sourcecode.c.h; path = ThumbnailModel.h; sourceTree = "<group>"; };
		06BE0CD020A4A6B4007D9319 /* ThumbnailModel.m */ = {isa = PBXFileReference; fileEncoding = 4; lastKnownFileType = sourcecode.c.objc; path = ThumbnailModel.m; sourceTree = "<group>"; };
		06BE0CD120A4A6B4007D9319 /* VideoModel.h */ = {isa = PBXFileReference; fileEncoding = 4; lastKnownFileType = sourcecode.c.h; path = VideoModel.h; sourceTree = "<group>"; };
		06BE0CD220A4A6B4007D9319 /* VideoModel.m */ = {isa = PBXFileReference; fileEncoding = 4; lastKnownFileType = sourcecode.c.objc; path = VideoModel.m; sourceTree = "<group>"; };
		06FC536420A335CF003238BF /* PirateRadio.app */ = {isa = PBXFileReference; explicitFileType = wrapper.application; includeInIndex = 0; path = PirateRadio.app; sourceTree = BUILT_PRODUCTS_DIR; };
		06FC536720A335CF003238BF /* AppDelegate.h */ = {isa = PBXFileReference; lastKnownFileType = sourcecode.c.h; path = AppDelegate.h; sourceTree = "<group>"; };
		06FC536820A335CF003238BF /* AppDelegate.m */ = {isa = PBXFileReference; lastKnownFileType = sourcecode.c.objc; path = AppDelegate.m; sourceTree = "<group>"; };
		06FC536E20A335CF003238BF /* Base */ = {isa = PBXFileReference; lastKnownFileType = file.storyboard; name = Base; path = Base.lproj/Main.storyboard; sourceTree = "<group>"; };
		06FC537020A335D4003238BF /* Assets.xcassets */ = {isa = PBXFileReference; lastKnownFileType = folder.assetcatalog; path = Assets.xcassets; sourceTree = "<group>"; };
		06FC537320A335D4003238BF /* Base */ = {isa = PBXFileReference; lastKnownFileType = file.storyboard; name = Base; path = Base.lproj/LaunchScreen.storyboard; sourceTree = "<group>"; };
		06FC537520A335D4003238BF /* Info.plist */ = {isa = PBXFileReference; lastKnownFileType = text.plist.xml; path = Info.plist; sourceTree = "<group>"; };
		06FC537620A335D4003238BF /* main.m */ = {isa = PBXFileReference; lastKnownFileType = sourcecode.c.objc; path = main.m; sourceTree = "<group>"; };
		6182B3E40876F8DD259C92ED /* Pods-PirateRadio.release.xcconfig */ = {isa = PBXFileReference; includeInIndex = 1; lastKnownFileType = text.xcconfig; name = "Pods-PirateRadio.release.xcconfig"; path = "Pods/Target Support Files/Pods-PirateRadio/Pods-PirateRadio.release.xcconfig"; sourceTree = "<group>"; };
		891BF603A8EEF8432313DA09 /* Pods-PirateRadio.debug.xcconfig */ = {isa = PBXFileReference; includeInIndex = 1; lastKnownFileType = text.xcconfig; name = "Pods-PirateRadio.debug.xcconfig"; path = "Pods/Target Support Files/Pods-PirateRadio/Pods-PirateRadio.debug.xcconfig"; sourceTree = "<group>"; };
		AE5D4BCF5E0478913DE84BBD /* libPods-PirateRadio.a */ = {isa = PBXFileReference; explicitFileType = archive.ar; includeInIndex = 0; path = "libPods-PirateRadio.a"; sourceTree = BUILT_PRODUCTS_DIR; };
/* End PBXFileReference section */

/* Begin PBXFrameworksBuildPhase section */
		06FC536120A335CF003238BF /* Frameworks */ = {
			isa = PBXFrameworksBuildPhase;
			buildActionMask = 2147483647;
			files = (
				1CC395A674ECF35F2D55F5B4 /* libPods-PirateRadio.a in Frameworks */,
			);
			runOnlyForDeploymentPostprocessing = 0;
		};
/* End PBXFrameworksBuildPhase section */

/* Begin PBXGroup section */
		06BE0CAA20A4474F007D9319 /* Utilities */ = {
			isa = PBXGroup;
			children = (
				06BE0CA920A446C5007D9319 /* Constants.h */,
				06BE0CBD20A464AA007D9319 /* Protocols.h */,
				06BE0CC820A4A106007D9319 /* NSURL+URLWithQueryItems.h */,
				06BE0CC920A4A106007D9319 /* NSURL+URLWithQueryItems.m */,
			);
			name = Utilities;
			path = ..;
			sourceTree = "<group>";
		};
		06BE0CAF20A44F9D007D9319 /* ViewControllers */ = {
			isa = PBXGroup;
			children = (
				06BE0CB020A44F9D007D9319 /* SearchTableViewController.h */,
				06BE0CB120A44F9D007D9319 /* SearchTableViewController.m */,
				06BE0CB320A44FDA007D9319 /* YoutubePlayerViewController.h */,
				06BE0CB420A44FDA007D9319 /* YoutubePlayerViewController.m */,
				06BE0CB620A46019007D9319 /* SearchResultTableViewCell.h */,
				06BE0CB720A46019007D9319 /* SearchResultTableViewCell.m */,
			);
			path = ViewControllers;
			sourceTree = "<group>";
		};
		06BE0CC420A4981B007D9319 /* Connections */ = {
			isa = PBXGroup;
			children = (
				06BE0CC520A4981C007D9319 /* YoutubeConnectionManager.h */,
				06BE0CC620A4981C007D9319 /* YoutubeConnectionManager.m */,
				062E7EA520A5C16B006F1221 /* YoutubeDownloadManager.h */,
				062E7EA620A5C16B006F1221 /* YoutubeDownloadManager.m */,
			);
			path = Connections;
			sourceTree = "<group>";
		};
		06BE0CCE20A4A6B4007D9319 /* Models */ = {
			isa = PBXGroup;
			children = (
				06BE0CCF20A4A6B4007D9319 /* ThumbnailModel.h */,
				06BE0CD020A4A6B4007D9319 /* ThumbnailModel.m */,
				06BE0CD120A4A6B4007D9319 /* VideoModel.h */,
				06BE0CD220A4A6B4007D9319 /* VideoModel.m */,
			);
			path = Models;
			sourceTree = "<group>";
		};
		06FC535B20A335CF003238BF = {
			isa = PBXGroup;
			children = (
				06FC536620A335CF003238BF /* PirateRadio */,
				06FC536520A335CF003238BF /* Products */,
				49EE55990CC85C7D69AC7271 /* Pods */,
				A28ABB5990062DFC0AC5AE40 /* Frameworks */,
			);
			sourceTree = "<group>";
		};
		06FC536520A335CF003238BF /* Products */ = {
			isa = PBXGroup;
			children = (
				06FC536420A335CF003238BF /* PirateRadio.app */,
			);
			name = Products;
			sourceTree = "<group>";
		};
		06FC536620A335CF003238BF /* PirateRadio */ = {
			isa = PBXGroup;
			children = (
				06BE0CC420A4981B007D9319 /* Connections */,
				06BE0CCE20A4A6B4007D9319 /* Models */,
				06BE0CAA20A4474F007D9319 /* Utilities */,
				06BE0CAF20A44F9D007D9319 /* ViewControllers */,
				06FC536720A335CF003238BF /* AppDelegate.h */,
				06FC536820A335CF003238BF /* AppDelegate.m */,
				06FC536D20A335CF003238BF /* Main.storyboard */,
				06FC537020A335D4003238BF /* Assets.xcassets */,
				06FC537220A335D4003238BF /* LaunchScreen.storyboard */,
				06FC537520A335D4003238BF /* Info.plist */,
				06FC537620A335D4003238BF /* main.m */,
			);
			path = PirateRadio;
			sourceTree = "<group>";
		};
		49EE55990CC85C7D69AC7271 /* Pods */ = {
			isa = PBXGroup;
			children = (
				891BF603A8EEF8432313DA09 /* Pods-PirateRadio.debug.xcconfig */,
				6182B3E40876F8DD259C92ED /* Pods-PirateRadio.release.xcconfig */,
			);
			name = Pods;
			sourceTree = "<group>";
		};
		A28ABB5990062DFC0AC5AE40 /* Frameworks */ = {
			isa = PBXGroup;
			children = (
				AE5D4BCF5E0478913DE84BBD /* libPods-PirateRadio.a */,
			);
			name = Frameworks;
			sourceTree = "<group>";
		};
/* End PBXGroup section */

/* Begin PBXNativeTarget section */
		06FC536320A335CF003238BF /* PirateRadio */ = {
			isa = PBXNativeTarget;
			buildConfigurationList = 06FC537A20A335D4003238BF /* Build configuration list for PBXNativeTarget "PirateRadio" */;
			buildPhases = (
				A9D7D7ABE758C03E7042B822 /* [CP] Check Pods Manifest.lock */,
				06FC536020A335CF003238BF /* Sources */,
				06FC536120A335CF003238BF /* Frameworks */,
				06FC536220A335CF003238BF /* Resources */,
				B915BC823511F14478752E2D /* [CP] Copy Pods Resources */,
			);
			buildRules = (
			);
			dependencies = (
			);
			name = PirateRadio;
			productName = PirateRadio;
			productReference = 06FC536420A335CF003238BF /* PirateRadio.app */;
			productType = "com.apple.product-type.application";
		};
/* End PBXNativeTarget section */

/* Begin PBXProject section */
		06FC535C20A335CF003238BF /* Project object */ = {
			isa = PBXProject;
			attributes = {
				LastUpgradeCheck = 0930;
				ORGANIZATIONNAME = "A-Team User";
				TargetAttributes = {
					06FC536320A335CF003238BF = {
						CreatedOnToolsVersion = 9.3;
					};
				};
			};
			buildConfigurationList = 06FC535F20A335CF003238BF /* Build configuration list for PBXProject "PirateRadio" */;
			compatibilityVersion = "Xcode 9.3";
			developmentRegion = en;
			hasScannedForEncodings = 0;
			knownRegions = (
				en,
				Base,
			);
			mainGroup = 06FC535B20A335CF003238BF;
			productRefGroup = 06FC536520A335CF003238BF /* Products */;
			projectDirPath = "";
			projectRoot = "";
			targets = (
				06FC536320A335CF003238BF /* PirateRadio */,
			);
		};
/* End PBXProject section */

/* Begin PBXResourcesBuildPhase section */
		06FC536220A335CF003238BF /* Resources */ = {
			isa = PBXResourcesBuildPhase;
			buildActionMask = 2147483647;
			files = (
				06FC537420A335D4003238BF /* LaunchScreen.storyboard in Resources */,
				06FC537120A335D4003238BF /* Assets.xcassets in Resources */,
				06FC536F20A335CF003238BF /* Main.storyboard in Resources */,
			);
			runOnlyForDeploymentPostprocessing = 0;
		};
/* End PBXResourcesBuildPhase section */

/* Begin PBXShellScriptBuildPhase section */
		A9D7D7ABE758C03E7042B822 /* [CP] Check Pods Manifest.lock */ = {
			isa = PBXShellScriptBuildPhase;
			buildActionMask = 2147483647;
			files = (
			);
			inputPaths = (
				"${PODS_PODFILE_DIR_PATH}/Podfile.lock",
				"${PODS_ROOT}/Manifest.lock",
			);
			name = "[CP] Check Pods Manifest.lock";
			outputPaths = (
				"$(DERIVED_FILE_DIR)/Pods-PirateRadio-checkManifestLockResult.txt",
			);
			runOnlyForDeploymentPostprocessing = 0;
			shellPath = /bin/sh;
			shellScript = "diff \"${PODS_PODFILE_DIR_PATH}/Podfile.lock\" \"${PODS_ROOT}/Manifest.lock\" > /dev/null\nif [ $? != 0 ] ; then\n    # print error to STDERR\n    echo \"error: The sandbox is not in sync with the Podfile.lock. Run 'pod install' or update your CocoaPods installation.\" >&2\n    exit 1\nfi\n# This output is used by Xcode 'outputs' to avoid re-running this script phase.\necho \"SUCCESS\" > \"${SCRIPT_OUTPUT_FILE_0}\"\n";
			showEnvVarsInLog = 0;
		};
		B915BC823511F14478752E2D /* [CP] Copy Pods Resources */ = {
			isa = PBXShellScriptBuildPhase;
			buildActionMask = 2147483647;
			files = (
			);
			inputPaths = (
				"${SRCROOT}/Pods/Target Support Files/Pods-PirateRadio/Pods-PirateRadio-resources.sh",
				"${PODS_ROOT}/youtube-ios-player-helper/youtube-ios-player-helper/Assets.bundle",
			);
			name = "[CP] Copy Pods Resources";
			outputPaths = (
				"${TARGET_BUILD_DIR}/${UNLOCALIZED_RESOURCES_FOLDER_PATH}/Assets.bundle",
			);
			runOnlyForDeploymentPostprocessing = 0;
			shellPath = /bin/sh;
			shellScript = "\"${SRCROOT}/Pods/Target Support Files/Pods-PirateRadio/Pods-PirateRadio-resources.sh\"\n";
			showEnvVarsInLog = 0;
		};
/* End PBXShellScriptBuildPhase section */

/* Begin PBXSourcesBuildPhase section */
		06FC536020A335CF003238BF /* Sources */ = {
			isa = PBXSourcesBuildPhase;
			buildActionMask = 2147483647;
			files = (
				06BE0CD320A4A6B4007D9319 /* ThumbnailModel.m in Sources */,
				06BE0CC720A4981C007D9319 /* YoutubeConnectionManager.m in Sources */,
				06FC537720A335D4003238BF /* main.m in Sources */,
				06BE0CCA20A4A106007D9319 /* NSURL+URLWithQueryItems.m in Sources */,
				06BE0CB520A44FDA007D9319 /* YoutubePlayerViewController.m in Sources */,
				06BE0CD420A4A6B4007D9319 /* VideoModel.m in Sources */,
				06FC536920A335CF003238BF /* AppDelegate.m in Sources */,
				062E7EA720A5C16B006F1221 /* YoutubeDownloadManager.m in Sources */,
				06BE0CB220A44F9D007D9319 /* SearchTableViewController.m in Sources */,
				06BE0CB820A46019007D9319 /* SearchResultTableViewCell.m in Sources */,
			);
			runOnlyForDeploymentPostprocessing = 0;
		};
/* End PBXSourcesBuildPhase section */

/* Begin PBXVariantGroup section */
		06FC536D20A335CF003238BF /* Main.storyboard */ = {
			isa = PBXVariantGroup;
			children = (
				06FC536E20A335CF003238BF /* Base */,
			);
			name = Main.storyboard;
			sourceTree = "<group>";
		};
		06FC537220A335D4003238BF /* LaunchScreen.storyboard */ = {
			isa = PBXVariantGroup;
			children = (
				06FC537320A335D4003238BF /* Base */,
			);
			name = LaunchScreen.storyboard;
			sourceTree = "<group>";
		};
/* End PBXVariantGroup section */

/* Begin XCBuildConfiguration section */
		06FC537820A335D4003238BF /* Debug */ = {
			isa = XCBuildConfiguration;
			buildSettings = {
				ALWAYS_SEARCH_USER_PATHS = NO;
				CLANG_ANALYZER_NONNULL = YES;
				CLANG_ANALYZER_NUMBER_OBJECT_CONVERSION = YES_AGGRESSIVE;
				CLANG_CXX_LANGUAGE_STANDARD = "gnu++14";
				CLANG_CXX_LIBRARY = "libc++";
				CLANG_ENABLE_MODULES = YES;
				CLANG_ENABLE_OBJC_ARC = YES;
				CLANG_ENABLE_OBJC_WEAK = YES;
				CLANG_WARN_BLOCK_CAPTURE_AUTORELEASING = YES;
				CLANG_WARN_BOOL_CONVERSION = YES;
				CLANG_WARN_COMMA = YES;
				CLANG_WARN_CONSTANT_CONVERSION = YES;
				CLANG_WARN_DEPRECATED_OBJC_IMPLEMENTATIONS = YES;
				CLANG_WARN_DIRECT_OBJC_ISA_USAGE = YES_ERROR;
				CLANG_WARN_DOCUMENTATION_COMMENTS = YES;
				CLANG_WARN_EMPTY_BODY = YES;
				CLANG_WARN_ENUM_CONVERSION = YES;
				CLANG_WARN_INFINITE_RECURSION = YES;
				CLANG_WARN_INT_CONVERSION = YES;
				CLANG_WARN_NON_LITERAL_NULL_CONVERSION = YES;
				CLANG_WARN_OBJC_IMPLICIT_RETAIN_SELF = YES;
				CLANG_WARN_OBJC_LITERAL_CONVERSION = YES;
				CLANG_WARN_OBJC_ROOT_CLASS = YES_ERROR;
				CLANG_WARN_RANGE_LOOP_ANALYSIS = YES;
				CLANG_WARN_STRICT_PROTOTYPES = YES;
				CLANG_WARN_SUSPICIOUS_MOVE = YES;
				CLANG_WARN_UNGUARDED_AVAILABILITY = YES_AGGRESSIVE;
				CLANG_WARN_UNREACHABLE_CODE = YES;
				CLANG_WARN__DUPLICATE_METHOD_MATCH = YES;
				CODE_SIGN_IDENTITY = "iPhone Developer";
				COPY_PHASE_STRIP = NO;
				DEBUG_INFORMATION_FORMAT = dwarf;
				ENABLE_STRICT_OBJC_MSGSEND = YES;
				ENABLE_TESTABILITY = YES;
				GCC_C_LANGUAGE_STANDARD = gnu11;
				GCC_DYNAMIC_NO_PIC = NO;
				GCC_NO_COMMON_BLOCKS = YES;
				GCC_OPTIMIZATION_LEVEL = 0;
				GCC_PREPROCESSOR_DEFINITIONS = (
					"DEBUG=1",
					"$(inherited)",
				);
				GCC_WARN_64_TO_32_BIT_CONVERSION = YES;
				GCC_WARN_ABOUT_RETURN_TYPE = YES_ERROR;
				GCC_WARN_UNDECLARED_SELECTOR = YES;
				GCC_WARN_UNINITIALIZED_AUTOS = YES_AGGRESSIVE;
				GCC_WARN_UNUSED_FUNCTION = YES;
				GCC_WARN_UNUSED_VARIABLE = YES;
				IPHONEOS_DEPLOYMENT_TARGET = 11.3;
				MTL_ENABLE_DEBUG_INFO = YES;
				ONLY_ACTIVE_ARCH = YES;
				SDKROOT = iphoneos;
			};
			name = Debug;
		};
		06FC537920A335D4003238BF /* Release */ = {
			isa = XCBuildConfiguration;
			buildSettings = {
				ALWAYS_SEARCH_USER_PATHS = NO;
				CLANG_ANALYZER_NONNULL = YES;
				CLANG_ANALYZER_NUMBER_OBJECT_CONVERSION = YES_AGGRESSIVE;
				CLANG_CXX_LANGUAGE_STANDARD = "gnu++14";
				CLANG_CXX_LIBRARY = "libc++";
				CLANG_ENABLE_MODULES = YES;
				CLANG_ENABLE_OBJC_ARC = YES;
				CLANG_ENABLE_OBJC_WEAK = YES;
				CLANG_WARN_BLOCK_CAPTURE_AUTORELEASING = YES;
				CLANG_WARN_BOOL_CONVERSION = YES;
				CLANG_WARN_COMMA = YES;
				CLANG_WARN_CONSTANT_CONVERSION = YES;
				CLANG_WARN_DEPRECATED_OBJC_IMPLEMENTATIONS = YES;
				CLANG_WARN_DIRECT_OBJC_ISA_USAGE = YES_ERROR;
				CLANG_WARN_DOCUMENTATION_COMMENTS = YES;
				CLANG_WARN_EMPTY_BODY = YES;
				CLANG_WARN_ENUM_CONVERSION = YES;
				CLANG_WARN_INFINITE_RECURSION = YES;
				CLANG_WARN_INT_CONVERSION = YES;
				CLANG_WARN_NON_LITERAL_NULL_CONVERSION = YES;
				CLANG_WARN_OBJC_IMPLICIT_RETAIN_SELF = YES;
				CLANG_WARN_OBJC_LITERAL_CONVERSION = YES;
				CLANG_WARN_OBJC_ROOT_CLASS = YES_ERROR;
				CLANG_WARN_RANGE_LOOP_ANALYSIS = YES;
				CLANG_WARN_STRICT_PROTOTYPES = YES;
				CLANG_WARN_SUSPICIOUS_MOVE = YES;
				CLANG_WARN_UNGUARDED_AVAILABILITY = YES_AGGRESSIVE;
				CLANG_WARN_UNREACHABLE_CODE = YES;
				CLANG_WARN__DUPLICATE_METHOD_MATCH = YES;
				CODE_SIGN_IDENTITY = "iPhone Developer";
				COPY_PHASE_STRIP = NO;
				DEBUG_INFORMATION_FORMAT = "dwarf-with-dsym";
				ENABLE_NS_ASSERTIONS = NO;
				ENABLE_STRICT_OBJC_MSGSEND = YES;
				GCC_C_LANGUAGE_STANDARD = gnu11;
				GCC_NO_COMMON_BLOCKS = YES;
				GCC_WARN_64_TO_32_BIT_CONVERSION = YES;
				GCC_WARN_ABOUT_RETURN_TYPE = YES_ERROR;
				GCC_WARN_UNDECLARED_SELECTOR = YES;
				GCC_WARN_UNINITIALIZED_AUTOS = YES_AGGRESSIVE;
				GCC_WARN_UNUSED_FUNCTION = YES;
				GCC_WARN_UNUSED_VARIABLE = YES;
				IPHONEOS_DEPLOYMENT_TARGET = 11.3;
				MTL_ENABLE_DEBUG_INFO = NO;
				SDKROOT = iphoneos;
				VALIDATE_PRODUCT = YES;
			};
			name = Release;
		};
		06FC537B20A335D4003238BF /* Debug */ = {
			isa = XCBuildConfiguration;
			baseConfigurationReference = 891BF603A8EEF8432313DA09 /* Pods-PirateRadio.debug.xcconfig */;
			buildSettings = {
				ASSETCATALOG_COMPILER_APPICON_NAME = AppIcon;
				CODE_SIGN_IDENTITY = "iPhone Developer";
				CODE_SIGN_STYLE = Manual;
				DEVELOPMENT_TEAM = "";
				INFOPLIST_FILE = PirateRadio/Info.plist;
				LD_RUNPATH_SEARCH_PATHS = (
					"$(inherited)",
					"@executable_path/Frameworks",
				);
				PRODUCT_BUNDLE_IDENTIFIER = net.nemetschek.PirateRadio;
				PRODUCT_NAME = "$(TARGET_NAME)";
				PROVISIONING_PROFILE_SPECIFIER = "";
				TARGETED_DEVICE_FAMILY = "1,2";
			};
			name = Debug;
		};
		06FC537C20A335D4003238BF /* Release */ = {
			isa = XCBuildConfiguration;
			baseConfigurationReference = 6182B3E40876F8DD259C92ED /* Pods-PirateRadio.release.xcconfig */;
			buildSettings = {
				ASSETCATALOG_COMPILER_APPICON_NAME = AppIcon;
				CODE_SIGN_IDENTITY = "iPhone Developer";
				CODE_SIGN_STYLE = Manual;
				DEVELOPMENT_TEAM = "";
				INFOPLIST_FILE = PirateRadio/Info.plist;
				LD_RUNPATH_SEARCH_PATHS = (
					"$(inherited)",
					"@executable_path/Frameworks",
				);
				PRODUCT_BUNDLE_IDENTIFIER = net.nemetschek.PirateRadio;
				PRODUCT_NAME = "$(TARGET_NAME)";
				PROVISIONING_PROFILE_SPECIFIER = "";
				TARGETED_DEVICE_FAMILY = "1,2";
			};
			name = Release;
		};
/* End XCBuildConfiguration section */

/* Begin XCConfigurationList section */
		06FC535F20A335CF003238BF /* Build configuration list for PBXProject "PirateRadio" */ = {
			isa = XCConfigurationList;
			buildConfigurations = (
				06FC537820A335D4003238BF /* Debug */,
				06FC537920A335D4003238BF /* Release */,
			);
			defaultConfigurationIsVisible = 0;
			defaultConfigurationName = Release;
		};
		06FC537A20A335D4003238BF /* Build configuration list for PBXNativeTarget "PirateRadio" */ = {
			isa = XCConfigurationList;
			buildConfigurations = (
				06FC537B20A335D4003238BF /* Debug */,
				06FC537C20A335D4003238BF /* Release */,
			);
			defaultConfigurationIsVisible = 0;
			defaultConfigurationName = Release;
		};
/* End XCConfigurationList section */
	};
	rootObject = 06FC535C20A335CF003238BF /* Project object */;
}
